
Microsoft Visual Studio Solution File, Format Version 12.00
# Visual Studio Version 17
VisualStudioVersion = 17.10.34928.147
MinimumVisualStudioVersion = 10.0.40219.1
Project("{FAE04EC0-301F-11D3-BF4B-00C04F79EFBC}") = "MiProyectoDotnet", "MiProyectoDotnet\MiProyectoDotnet.csproj", "{5525BD54-DA83-47FE-8692-D8B81913C32E}"
EndProject
Global
	GlobalSection(SolutionConfigurationPlatforms) = preSolution
		Debug|Any CPU = Debug|Any CPU
		Release|Any CPU = Release|Any CPU
	EndGlobalSection
	GlobalSection(ProjectConfigurationPlatforms) = postSolution
		{5525BD54-DA83-47FE-8692-D8B81913C32E}.Debug|Any CPU.ActiveCfg = Debug|Any CPU
		{5525BD54-DA83-47FE-8692-D8B81913C32E}.Debug|Any CPU.Build.0 = Debug|Any CPU
		{5525BD54-DA83-47FE-8692-D8B81913C32E}.Release|Any CPU.ActiveCfg = Release|Any CPU
		{5525BD54-DA83-47FE-8692-D8B81913C32E}.Release|Any CPU.Build.0 = Release|Any CPU
	EndGlobalSection
	GlobalSection(SolutionProperties) = preSolution
		HideSolutionNode = FALSE
	EndGlobalSection
	GlobalSection(ExtensibilityGlobals) = postSolution
		SolutionGuid = {1AA5F9B6-E5CE-4B88-BE5A-72EF80154C57}
	EndGlobalSection
EndGlobal
